// !$*UTF8*$!
{
	archiveVersion = 1;
	classes = {
	};
	objectVersion = 46;
	objects = {

/* Begin PBXBuildFile section */
		FA06641E20614490006DE3CF /* AppDelegate.swift in Sources */ = {isa = PBXBuildFile; fileRef = FA06641D20614490006DE3CF /* AppDelegate.swift */; };
		FA06642520614491006DE3CF /* Main.storyboard in Resources */ = {isa = PBXBuildFile; fileRef = FA06642320614491006DE3CF /* Main.storyboard */; };
		FA06642A20614492006DE3CF /* LaunchScreen.storyboard in Resources */ = {isa = PBXBuildFile; fileRef = FA06642820614492006DE3CF /* LaunchScreen.storyboard */; };
		FA06643520614492006DE3CF /* WxAlertTests.swift in Sources */ = {isa = PBXBuildFile; fileRef = FA06643420614492006DE3CF /* WxAlertTests.swift */; };
		FA06644020614492006DE3CF /* WxAlertUITests.swift in Sources */ = {isa = PBXBuildFile; fileRef = FA06643F20614492006DE3CF /* WxAlertUITests.swift */; };
		FA066451206145E6006DE3CF /* RootController.swift in Sources */ = {isa = PBXBuildFile; fileRef = FA066450206145E6006DE3CF /* RootController.swift */; };
		FA06645320614E32006DE3CF /* SettingsController.swift in Sources */ = {isa = PBXBuildFile; fileRef = FA06645220614E32006DE3CF /* SettingsController.swift */; };
		FA06645520614FEE006DE3CF /* SearchController.swift in Sources */ = {isa = PBXBuildFile; fileRef = FA06645420614FEE006DE3CF /* SearchController.swift */; };
		FA06645720615016006DE3CF /* WeatherController.swift in Sources */ = {isa = PBXBuildFile; fileRef = FA06645620615016006DE3CF /* WeatherController.swift */; };
		FA066459206150CB006DE3CF /* AppSettingController.swift in Sources */ = {isa = PBXBuildFile; fileRef = FA066458206150CB006DE3CF /* AppSettingController.swift */; };
		FA06645B2061510C006DE3CF /* NotificationController.swift in Sources */ = {isa = PBXBuildFile; fileRef = FA06645A2061510C006DE3CF /* NotificationController.swift */; };
		FA06645D2061514E006DE3CF /* WeatherDetailController.swift in Sources */ = {isa = PBXBuildFile; fileRef = FA06645C2061514E006DE3CF /* WeatherDetailController.swift */; };
		FA06645F206151C7006DE3CF /* NotificationSettings.swift in Sources */ = {isa = PBXBuildFile; fileRef = FA06645E206151C7006DE3CF /* NotificationSettings.swift */; };
		FA066461206151F9006DE3CF /* CityEditController.swift in Sources */ = {isa = PBXBuildFile; fileRef = FA066460206151F9006DE3CF /* CityEditController.swift */; };
		FA06646320615226006DE3CF /* CityListController.swift in Sources */ = {isa = PBXBuildFile; fileRef = FA06646220615226006DE3CF /* CityListController.swift */; };
		FA06646A206155DD006DE3CF /* Constants.swift in Sources */ = {isa = PBXBuildFile; fileRef = FA066469206155DD006DE3CF /* Constants.swift */; };
		FA06647020617337006DE3CF /* MapController.swift in Sources */ = {isa = PBXBuildFile; fileRef = FA06646F20617337006DE3CF /* MapController.swift */; };
		FA06647820617AB9006DE3CF /* libsqlite3.tbd in Frameworks */ = {isa = PBXBuildFile; fileRef = FA06647720617AB9006DE3CF /* libsqlite3.tbd */; };
		FA06647D20618F14006DE3CF /* MKPinInfo.swift in Sources */ = {isa = PBXBuildFile; fileRef = FA06647C20618F14006DE3CF /* MKPinInfo.swift */; };
		FA06647F20618FAE006DE3CF /* CityModel.swift in Sources */ = {isa = PBXBuildFile; fileRef = FA06647E20618FAE006DE3CF /* CityModel.swift */; };
		FA066481206194DB006DE3CF /* cities_usa.sqlite in Resources */ = {isa = PBXBuildFile; fileRef = FA066480206194DB006DE3CF /* cities_usa.sqlite */; };
		FA06648320619563006DE3CF /* MapKit.framework in Frameworks */ = {isa = PBXBuildFile; fileRef = FA06648220619563006DE3CF /* MapKit.framework */; };
		FA10D430211DD90C006CCB0E /* SelectedCity.swift in Sources */ = {isa = PBXBuildFile; fileRef = FA10D42F211DD90C006CCB0E /* SelectedCity.swift */; };
		FA113140211FFF7F00B50085 /* WxCellViewModel.swift in Sources */ = {isa = PBXBuildFile; fileRef = FA11313F211FFF7F00B50085 /* WxCellViewModel.swift */; };
		FA1CEE9F21F38BF000A382C9 /* FetchZoneIdOperation.swift in Sources */ = {isa = PBXBuildFile; fileRef = FA1CEE9E21F38BF000A382C9 /* FetchZoneIdOperation.swift */; };
		FA1CEEA121F38C5100A382C9 /* ParseZoneIdOperation.swift in Sources */ = {isa = PBXBuildFile; fileRef = FA1CEEA021F38C5100A382C9 /* ParseZoneIdOperation.swift */; };
		FA1D7E4E2135EF4100E49EC6 /* JSONDecodable.swift in Sources */ = {isa = PBXBuildFile; fileRef = FA1D7E4D2135EF4100E49EC6 /* JSONDecodable.swift */; };
		FA1D7E502135EFC200E49EC6 /* WeekForecast.swift in Sources */ = {isa = PBXBuildFile; fileRef = FA1D7E4F2135EFC200E49EC6 /* WeekForecast.swift */; };
		FA1D7E522136016300E49EC6 /* ForecastDataMgr.swift in Sources */ = {isa = PBXBuildFile; fileRef = FA1D7E512136016300E49EC6 /* ForecastDataMgr.swift */; };
		FA1E55D3215F54F60092CE2C /* Meteorology.swift in Sources */ = {isa = PBXBuildFile; fileRef = FA1E55D2215F54F60092CE2C /* Meteorology.swift */; };
		FA28D7FF2152977D004D9AAD /* CellModel.swift in Sources */ = {isa = PBXBuildFile; fileRef = FA28D7FE2152977D004D9AAD /* CellModel.swift */; };
		FA352DA621D6991900F9F0F6 /* DbMgr+AlertData.swift in Sources */ = {isa = PBXBuildFile; fileRef = FA352DA521D6991900F9F0F6 /* DbMgr+AlertData.swift */; };
		FA46614B21E1552B001C680E /* AlertIcon.swift in Sources */ = {isa = PBXBuildFile; fileRef = FA46614A21E1552B001C680E /* AlertIcon.swift */; };
		FA4B52222131BE380017ADC9 /* DbMgr.swift in Sources */ = {isa = PBXBuildFile; fileRef = FA4B52212131BE380017ADC9 /* DbMgr.swift */; };
		FA503EBD21B7041B0073F479 /* PointsJsonParser.swift in Sources */ = {isa = PBXBuildFile; fileRef = FA503EBC21B7041B0073F479 /* PointsJsonParser.swift */; };
		FA57346E217FA773004CB2E0 /* WeatherUtils.swift in Sources */ = {isa = PBXBuildFile; fileRef = FA57346D217FA773004CB2E0 /* WeatherUtils.swift */; };
		FA81970821D3E2CF00C22092 /* AlertDataMgr.swift in Sources */ = {isa = PBXBuildFile; fileRef = FA81970721D3E2CF00C22092 /* AlertDataMgr.swift */; };
		FA81970A21D3E70900C22092 /* AlertList.swift in Sources */ = {isa = PBXBuildFile; fileRef = FA81970921D3E70900C22092 /* AlertList.swift */; };
		FA81970C21D3E7F300C22092 /* Alert.swift in Sources */ = {isa = PBXBuildFile; fileRef = FA81970B21D3E7F300C22092 /* Alert.swift */; };
		FA888D6421ED07BC002C45E2 /* FetchWxOperation.swift in Sources */ = {isa = PBXBuildFile; fileRef = FA888D6321ED07BC002C45E2 /* FetchWxOperation.swift */; };
		FA888D6621ED07D9002C45E2 /* ParseWxOperation.swift in Sources */ = {isa = PBXBuildFile; fileRef = FA888D6521ED07D9002C45E2 /* ParseWxOperation.swift */; };
		FA888D6821ED07FB002C45E2 /* StoreWxOperation.swift in Sources */ = {isa = PBXBuildFile; fileRef = FA888D6721ED07FB002C45E2 /* StoreWxOperation.swift */; };
		FA888D6A21ED0818002C45E2 /* FetchAlertOperation.swift in Sources */ = {isa = PBXBuildFile; fileRef = FA888D6921ED0818002C45E2 /* FetchAlertOperation.swift */; };
		FA888D6C21ED083A002C45E2 /* ParseAlertOperation.swift in Sources */ = {isa = PBXBuildFile; fileRef = FA888D6B21ED083A002C45E2 /* ParseAlertOperation.swift */; };
		FA888D6E21ED0878002C45E2 /* StoreAlertOperation.swift in Sources */ = {isa = PBXBuildFile; fileRef = FA888D6D21ED0878002C45E2 /* StoreAlertOperation.swift */; };
		FA8E9FC0218793EE005EF8CE /* JSONIcons.swift in Sources */ = {isa = PBXBuildFile; fileRef = FA8E9FBF218793EE005EF8CE /* JSONIcons.swift */; };
		FA9DDAA22133112B004B9E2D /* DataItem.swift in Sources */ = {isa = PBXBuildFile; fileRef = FA9DDAA12133112B004B9E2D /* DataItem.swift */; };
		FA9DDAA421359C29004B9E2D /* NetworkMgr.swift in Sources */ = {isa = PBXBuildFile; fileRef = FA9DDAA321359C29004B9E2D /* NetworkMgr.swift */; };
		FA9DDAA62135AA8F004B9E2D /* DayForecast.swift in Sources */ = {isa = PBXBuildFile; fileRef = FA9DDAA52135AA8F004B9E2D /* DayForecast.swift */; };
		FAB45FC920FFC6BC00333FE9 /* Assets.xcassets in Resources */ = {isa = PBXBuildFile; fileRef = FAB45FC820FFC6BC00333FE9 /* Assets.xcassets */; };
		FABBBC44210519E7005C2207 /* WxCollectionController.swift in Sources */ = {isa = PBXBuildFile; fileRef = FABBBC43210519E7005C2207 /* WxCollectionController.swift */; };
		FABBBC4621051A19005C2207 /* CityCollectionController.swift in Sources */ = {isa = PBXBuildFile; fileRef = FABBBC4521051A19005C2207 /* CityCollectionController.swift */; };
		FABBBC4821051A5A005C2207 /* AlertCollectionController.swift in Sources */ = {isa = PBXBuildFile; fileRef = FABBBC4721051A5A005C2207 /* AlertCollectionController.swift */; };
		FABBBC4A21051FEE005C2207 /* WxViewCell.swift in Sources */ = {isa = PBXBuildFile; fileRef = FABBBC4921051FEE005C2207 /* WxViewCell.swift */; };
		FABBBC4C210520E6005C2207 /* CitySelectCell.swift in Sources */ = {isa = PBXBuildFile; fileRef = FABBBC4B210520E6005C2207 /* CitySelectCell.swift */; };
		FABCA50121F50220004F9414 /* BaseOperation.swift in Sources */ = {isa = PBXBuildFile; fileRef = FABCA50021F50220004F9414 /* BaseOperation.swift */; };
		FAC16F4C2062623C00683EE6 /* CityProtocol.swift in Sources */ = {isa = PBXBuildFile; fileRef = FAC16F4B2062623C00683EE6 /* CityProtocol.swift */; };
		FAC16F4F2062644900683EE6 /* DataManager.swift in Sources */ = {isa = PBXBuildFile; fileRef = FAC16F4E2062644900683EE6 /* DataManager.swift */; };
		FAC16F522062690E00683EE6 /* Definitions.swift in Sources */ = {isa = PBXBuildFile; fileRef = FAC16F512062690E00683EE6 /* Definitions.swift */; };
		FACC35D1218B649A00ECC789 /* IconModel.swift in Sources */ = {isa = PBXBuildFile; fileRef = FACC35D0218B649A00ECC789 /* IconModel.swift */; };
		FAD68B3D21C4514300D7FC51 /* dummy.json in Resources */ = {isa = PBXBuildFile; fileRef = FAD68B3C21C4514300D7FC51 /* dummy.json */; };
		FADCB4F721F8D7810049A030 /* WeatherOpQueue.swift in Sources */ = {isa = PBXBuildFile; fileRef = FADCB4F621F8D7810049A030 /* WeatherOpQueue.swift */; };
		FAF58475217C199A004A2C69 /* Rank.swift in Sources */ = {isa = PBXBuildFile; fileRef = FAF58474217C199A004A2C69 /* Rank.swift */; };
		FAF7C67D21FBAB2700324EAD /* FetchLinkedOperation.swift in Sources */ = {isa = PBXBuildFile; fileRef = FAF7C67C21FBAB2700324EAD /* FetchLinkedOperation.swift */; };
		FAF7C67F21FBAB5F00324EAD /* ParseLinkedOperation.swift in Sources */ = {isa = PBXBuildFile; fileRef = FAF7C67E21FBAB5F00324EAD /* ParseLinkedOperation.swift */; };
/* End PBXBuildFile section */

/* Begin PBXContainerItemProxy section */
		FA06643120614492006DE3CF /* PBXContainerItemProxy */ = {
			isa = PBXContainerItemProxy;
			containerPortal = FA06641220614490006DE3CF /* Project object */;
			proxyType = 1;
			remoteGlobalIDString = FA06641920614490006DE3CF;
			remoteInfo = WxAlert;
		};
		FA06643C20614492006DE3CF /* PBXContainerItemProxy */ = {
			isa = PBXContainerItemProxy;
			containerPortal = FA06641220614490006DE3CF /* Project object */;
			proxyType = 1;
			remoteGlobalIDString = FA06641920614490006DE3CF;
			remoteInfo = WxAlert;
		};
/* End PBXContainerItemProxy section */

/* Begin PBXFileReference section */
		FA06641A20614490006DE3CF /* WxAlert.app */ = {isa = PBXFileReference; explicitFileType = wrapper.application; includeInIndex = 0; path = WxAlert.app; sourceTree = BUILT_PRODUCTS_DIR; };
		FA06641D20614490006DE3CF /* AppDelegate.swift */ = {isa = PBXFileReference; lastKnownFileType = sourcecode.swift; path = AppDelegate.swift; sourceTree = "<group>"; };
		FA06642420614491006DE3CF /* Base */ = {isa = PBXFileReference; lastKnownFileType = file.storyboard; name = Base; path = Base.lproj/Main.storyboard; sourceTree = "<group>"; };
		FA06642920614492006DE3CF /* Base */ = {isa = PBXFileReference; lastKnownFileType = file.storyboard; name = Base; path = Base.lproj/LaunchScreen.storyboard; sourceTree = "<group>"; };
		FA06642B20614492006DE3CF /* Info.plist */ = {isa = PBXFileReference; lastKnownFileType = text.plist.xml; path = Info.plist; sourceTree = "<group>"; };
		FA06643020614492006DE3CF /* WxAlertTests.xctest */ = {isa = PBXFileReference; explicitFileType = wrapper.cfbundle; includeInIndex = 0; path = WxAlertTests.xctest; sourceTree = BUILT_PRODUCTS_DIR; };
		FA06643420614492006DE3CF /* WxAlertTests.swift */ = {isa = PBXFileReference; lastKnownFileType = sourcecode.swift; path = WxAlertTests.swift; sourceTree = "<group>"; };
		FA06643620614492006DE3CF /* Info.plist */ = {isa = PBXFileReference; lastKnownFileType = text.plist.xml; path = Info.plist; sourceTree = "<group>"; };
		FA06643B20614492006DE3CF /* WxAlertUITests.xctest */ = {isa = PBXFileReference; explicitFileType = wrapper.cfbundle; includeInIndex = 0; path = WxAlertUITests.xctest; sourceTree = BUILT_PRODUCTS_DIR; };
		FA06643F20614492006DE3CF /* WxAlertUITests.swift */ = {isa = PBXFileReference; lastKnownFileType = sourcecode.swift; path = WxAlertUITests.swift; sourceTree = "<group>"; };
		FA06644120614492006DE3CF /* Info.plist */ = {isa = PBXFileReference; lastKnownFileType = text.plist.xml; path = Info.plist; sourceTree = "<group>"; };
		FA066450206145E6006DE3CF /* RootController.swift */ = {isa = PBXFileReference; fileEncoding = 4; lastKnownFileType = sourcecode.swift; path = RootController.swift; sourceTree = "<group>"; };
		FA06645220614E32006DE3CF /* SettingsController.swift */ = {isa = PBXFileReference; fileEncoding = 4; lastKnownFileType = sourcecode.swift; path = SettingsController.swift; sourceTree = "<group>"; };
		FA06645420614FEE006DE3CF /* SearchController.swift */ = {isa = PBXFileReference; fileEncoding = 4; lastKnownFileType = sourcecode.swift; path = SearchController.swift; sourceTree = "<group>"; };
		FA06645620615016006DE3CF /* WeatherController.swift */ = {isa = PBXFileReference; fileEncoding = 4; lastKnownFileType = sourcecode.swift; path = WeatherController.swift; sourceTree = "<group>"; };
		FA066458206150CB006DE3CF /* AppSettingController.swift */ = {isa = PBXFileReference; fileEncoding = 4; lastKnownFileType = sourcecode.swift; path = AppSettingController.swift; sourceTree = "<group>"; };
		FA06645A2061510C006DE3CF /* NotificationController.swift */ = {isa = PBXFileReference; fileEncoding = 4; lastKnownFileType = sourcecode.swift; path = NotificationController.swift; sourceTree = "<group>"; };
		FA06645C2061514E006DE3CF /* WeatherDetailController.swift */ = {isa = PBXFileReference; fileEncoding = 4; lastKnownFileType = sourcecode.swift; path = WeatherDetailController.swift; sourceTree = "<group>"; };
		FA06645E206151C7006DE3CF /* NotificationSettings.swift */ = {isa = PBXFileReference; fileEncoding = 4; lastKnownFileType = sourcecode.swift; path = NotificationSettings.swift; sourceTree = "<group>"; };
		FA066460206151F9006DE3CF /* CityEditController.swift */ = {isa = PBXFileReference; fileEncoding = 4; lastKnownFileType = sourcecode.swift; path = CityEditController.swift; sourceTree = "<group>"; };
		FA06646220615226006DE3CF /* CityListController.swift */ = {isa = PBXFileReference; fileEncoding = 4; lastKnownFileType = sourcecode.swift; path = CityListController.swift; sourceTree = "<group>"; };
		FA066469206155DD006DE3CF /* Constants.swift */ = {isa = PBXFileReference; fileEncoding = 4; lastKnownFileType = sourcecode.swift; path = Constants.swift; sourceTree = "<group>"; };
		FA06646F20617337006DE3CF /* MapController.swift */ = {isa = PBXFileReference; fileEncoding = 4; lastKnownFileType = sourcecode.swift; path = MapController.swift; sourceTree = "<group>"; };
		FA06647520617A99006DE3CF /* Bridging-Header.h */ = {isa = PBXFileReference; lastKnownFileType = sourcecode.c.h; path = "Bridging-Header.h"; sourceTree = "<group>"; };
		FA06647720617AB9006DE3CF /* libsqlite3.tbd */ = {isa = PBXFileReference; lastKnownFileType = "sourcecode.text-based-dylib-definition"; name = libsqlite3.tbd; path = usr/lib/libsqlite3.tbd; sourceTree = SDKROOT; };
		FA06647C20618F14006DE3CF /* MKPinInfo.swift */ = {isa = PBXFileReference; fileEncoding = 4; lastKnownFileType = sourcecode.swift; path = MKPinInfo.swift; sourceTree = "<group>"; };
		FA06647E20618FAE006DE3CF /* CityModel.swift */ = {isa = PBXFileReference; fileEncoding = 4; lastKnownFileType = sourcecode.swift; path = CityModel.swift; sourceTree = "<group>"; };
		FA066480206194DB006DE3CF /* cities_usa.sqlite */ = {isa = PBXFileReference; lastKnownFileType = file; path = cities_usa.sqlite; sourceTree = "<group>"; };
		FA06648220619563006DE3CF /* MapKit.framework */ = {isa = PBXFileReference; lastKnownFileType = wrapper.framework; name = MapKit.framework; path = System/Library/Frameworks/MapKit.framework; sourceTree = SDKROOT; };
		FA10D42F211DD90C006CCB0E /* SelectedCity.swift */ = {isa = PBXFileReference; lastKnownFileType = sourcecode.swift; path = SelectedCity.swift; sourceTree = "<group>"; };
		FA11313F211FFF7F00B50085 /* WxCellViewModel.swift */ = {isa = PBXFileReference; lastKnownFileType = sourcecode.swift; path = WxCellViewModel.swift; sourceTree = "<group>"; };
		FA1CEE9E21F38BF000A382C9 /* FetchZoneIdOperation.swift */ = {isa = PBXFileReference; lastKnownFileType = sourcecode.swift; path = FetchZoneIdOperation.swift; sourceTree = "<group>"; };
		FA1CEEA021F38C5100A382C9 /* ParseZoneIdOperation.swift */ = {isa = PBXFileReference; lastKnownFileType = sourcecode.swift; path = ParseZoneIdOperation.swift; sourceTree = "<group>"; };
		FA1D7E4D2135EF4100E49EC6 /* JSONDecodable.swift */ = {isa = PBXFileReference; lastKnownFileType = sourcecode.swift; path = JSONDecodable.swift; sourceTree = "<group>"; };
		FA1D7E4F2135EFC200E49EC6 /* WeekForecast.swift */ = {isa = PBXFileReference; lastKnownFileType = sourcecode.swift; path = WeekForecast.swift; sourceTree = "<group>"; };
		FA1D7E512136016300E49EC6 /* ForecastDataMgr.swift */ = {isa = PBXFileReference; lastKnownFileType = sourcecode.swift; path = ForecastDataMgr.swift; sourceTree = "<group>"; };
		FA1E55D2215F54F60092CE2C /* Meteorology.swift */ = {isa = PBXFileReference; lastKnownFileType = sourcecode.swift; path = Meteorology.swift; sourceTree = "<group>"; };
		FA28D7FE2152977D004D9AAD /* CellModel.swift */ = {isa = PBXFileReference; lastKnownFileType = sourcecode.swift; path = CellModel.swift; sourceTree = "<group>"; };
		FA352DA521D6991900F9F0F6 /* DbMgr+AlertData.swift */ = {isa = PBXFileReference; lastKnownFileType = sourcecode.swift; path = "DbMgr+AlertData.swift"; sourceTree = "<group>"; };
		FA46614A21E1552B001C680E /* AlertIcon.swift */ = {isa = PBXFileReference; lastKnownFileType = sourcecode.swift; path = AlertIcon.swift; sourceTree = "<group>"; };
		FA4B52212131BE380017ADC9 /* DbMgr.swift */ = {isa = PBXFileReference; fileEncoding = 4; lastKnownFileType = sourcecode.swift; path = DbMgr.swift; sourceTree = "<group>"; };
		FA503EBC21B7041B0073F479 /* PointsJsonParser.swift */ = {isa = PBXFileReference; lastKnownFileType = sourcecode.swift; path = PointsJsonParser.swift; sourceTree = "<group>"; };
		FA57346D217FA773004CB2E0 /* WeatherUtils.swift */ = {isa = PBXFileReference; lastKnownFileType = sourcecode.swift; path = WeatherUtils.swift; sourceTree = "<group>"; };
		FA81970721D3E2CF00C22092 /* AlertDataMgr.swift */ = {isa = PBXFileReference; lastKnownFileType = sourcecode.swift; path = AlertDataMgr.swift; sourceTree = "<group>"; };
		FA81970921D3E70900C22092 /* AlertList.swift */ = {isa = PBXFileReference; lastKnownFileType = sourcecode.swift; path = AlertList.swift; sourceTree = "<group>"; };
		FA81970B21D3E7F300C22092 /* Alert.swift */ = {isa = PBXFileReference; lastKnownFileType = sourcecode.swift; path = Alert.swift; sourceTree = "<group>"; };
		FA888D6321ED07BC002C45E2 /* FetchWxOperation.swift */ = {isa = PBXFileReference; lastKnownFileType = sourcecode.swift; path = FetchWxOperation.swift; sourceTree = "<group>"; };
		FA888D6521ED07D9002C45E2 /* ParseWxOperation.swift */ = {isa = PBXFileReference; lastKnownFileType = sourcecode.swift; path = ParseWxOperation.swift; sourceTree = "<group>"; };
		FA888D6721ED07FB002C45E2 /* StoreWxOperation.swift */ = {isa = PBXFileReference; lastKnownFileType = sourcecode.swift; path = StoreWxOperation.swift; sourceTree = "<group>"; };
		FA888D6921ED0818002C45E2 /* FetchAlertOperation.swift */ = {isa = PBXFileReference; lastKnownFileType = sourcecode.swift; path = FetchAlertOperation.swift; sourceTree = "<group>"; };
		FA888D6B21ED083A002C45E2 /* ParseAlertOperation.swift */ = {isa = PBXFileReference; lastKnownFileType = sourcecode.swift; path = ParseAlertOperation.swift; sourceTree = "<group>"; };
		FA888D6D21ED0878002C45E2 /* StoreAlertOperation.swift */ = {isa = PBXFileReference; lastKnownFileType = sourcecode.swift; path = StoreAlertOperation.swift; sourceTree = "<group>"; };
		FA8E9FBF218793EE005EF8CE /* JSONIcons.swift */ = {isa = PBXFileReference; lastKnownFileType = sourcecode.swift; path = JSONIcons.swift; sourceTree = "<group>"; };
		FA9DDAA12133112B004B9E2D /* DataItem.swift */ = {isa = PBXFileReference; lastKnownFileType = sourcecode.swift; path = DataItem.swift; sourceTree = "<group>"; };
		FA9DDAA321359C29004B9E2D /* NetworkMgr.swift */ = {isa = PBXFileReference; lastKnownFileType = sourcecode.swift; path = NetworkMgr.swift; sourceTree = "<group>"; };
		FA9DDAA52135AA8F004B9E2D /* DayForecast.swift */ = {isa = PBXFileReference; lastKnownFileType = sourcecode.swift; path = DayForecast.swift; sourceTree = "<group>"; };
		FAB45FC820FFC6BC00333FE9 /* Assets.xcassets */ = {isa = PBXFileReference; lastKnownFileType = folder.assetcatalog; path = Assets.xcassets; sourceTree = "<group>"; };
		FABBBC43210519E7005C2207 /* WxCollectionController.swift */ = {isa = PBXFileReference; lastKnownFileType = sourcecode.swift; path = WxCollectionController.swift; sourceTree = "<group>"; };
		FABBBC4521051A19005C2207 /* CityCollectionController.swift */ = {isa = PBXFileReference; lastKnownFileType = sourcecode.swift; path = CityCollectionController.swift; sourceTree = "<group>"; };
		FABBBC4721051A5A005C2207 /* AlertCollectionController.swift */ = {isa = PBXFileReference; lastKnownFileType = sourcecode.swift; path = AlertCollectionController.swift; sourceTree = "<group>"; };
		FABBBC4921051FEE005C2207 /* WxViewCell.swift */ = {isa = PBXFileReference; lastKnownFileType = sourcecode.swift; path = WxViewCell.swift; sourceTree = "<group>"; };
		FABBBC4B210520E6005C2207 /* CitySelectCell.swift */ = {isa = PBXFileReference; lastKnownFileType = sourcecode.swift; path = CitySelectCell.swift; sourceTree = "<group>"; };
		FABCA50021F50220004F9414 /* BaseOperation.swift */ = {isa = PBXFileReference; lastKnownFileType = sourcecode.swift; path = BaseOperation.swift; sourceTree = "<group>"; };
		FAC16F4B2062623C00683EE6 /* CityProtocol.swift */ = {isa = PBXFileReference; fileEncoding = 4; lastKnownFileType = sourcecode.swift; path = CityProtocol.swift; sourceTree = "<group>"; };
		FAC16F4E2062644900683EE6 /* DataManager.swift */ = {isa = PBXFileReference; fileEncoding = 4; lastKnownFileType = sourcecode.swift; path = DataManager.swift; sourceTree = "<group>"; };
		FAC16F512062690E00683EE6 /* Definitions.swift */ = {isa = PBXFileReference; fileEncoding = 4; lastKnownFileType = sourcecode.swift; path = Definitions.swift; sourceTree = "<group>"; };
		FACC35D0218B649A00ECC789 /* IconModel.swift */ = {isa = PBXFileReference; lastKnownFileType = sourcecode.swift; path = IconModel.swift; sourceTree = "<group>"; };
		FAD68B3C21C4514300D7FC51 /* dummy.json */ = {isa = PBXFileReference; fileEncoding = 4; lastKnownFileType = text.json; path = dummy.json; sourceTree = "<group>"; };
		FADCB4F621F8D7810049A030 /* WeatherOpQueue.swift */ = {isa = PBXFileReference; lastKnownFileType = sourcecode.swift; path = WeatherOpQueue.swift; sourceTree = "<group>"; };
		FAF58474217C199A004A2C69 /* Rank.swift */ = {isa = PBXFileReference; lastKnownFileType = sourcecode.swift; path = Rank.swift; sourceTree = "<group>"; };
		FAF7C67C21FBAB2700324EAD /* FetchLinkedOperation.swift */ = {isa = PBXFileReference; lastKnownFileType = sourcecode.swift; path = FetchLinkedOperation.swift; sourceTree = "<group>"; };
		FAF7C67E21FBAB5F00324EAD /* ParseLinkedOperation.swift */ = {isa = PBXFileReference; lastKnownFileType = sourcecode.swift; path = ParseLinkedOperation.swift; sourceTree = "<group>"; };
/* End PBXFileReference section */

/* Begin PBXFrameworksBuildPhase section */
		FA06641720614490006DE3CF /* Frameworks */ = {
			isa = PBXFrameworksBuildPhase;
			buildActionMask = 2147483647;
			files = (
				FA06648320619563006DE3CF /* MapKit.framework in Frameworks */,
				FA06647820617AB9006DE3CF /* libsqlite3.tbd in Frameworks */,
			);
			runOnlyForDeploymentPostprocessing = 0;
		};
		FA06642D20614492006DE3CF /* Frameworks */ = {
			isa = PBXFrameworksBuildPhase;
			buildActionMask = 2147483647;
			files = (
			);
			runOnlyForDeploymentPostprocessing = 0;
		};
		FA06643820614492006DE3CF /* Frameworks */ = {
			isa = PBXFrameworksBuildPhase;
			buildActionMask = 2147483647;
			files = (
			);
			runOnlyForDeploymentPostprocessing = 0;
		};
/* End PBXFrameworksBuildPhase section */

/* Begin PBXGroup section */
		FA06641120614490006DE3CF = {
			isa = PBXGroup;
			children = (
				FA066480206194DB006DE3CF /* cities_usa.sqlite */,
				FA06647520617A99006DE3CF /* Bridging-Header.h */,
				FA06641C20614490006DE3CF /* WxAlert */,
				FA06643320614492006DE3CF /* WxAlertTests */,
				FA06643E20614492006DE3CF /* WxAlertUITests */,
				FA06641B20614490006DE3CF /* Products */,
				FA06647620617AB9006DE3CF /* Frameworks */,
			);
			sourceTree = "<group>";
		};
		FA06641B20614490006DE3CF /* Products */ = {
			isa = PBXGroup;
			children = (
				FA06641A20614490006DE3CF /* WxAlert.app */,
				FA06643020614492006DE3CF /* WxAlertTests.xctest */,
				FA06643B20614492006DE3CF /* WxAlertUITests.xctest */,
			);
			name = Products;
			sourceTree = "<group>";
		};
		FA06641C20614490006DE3CF /* WxAlert */ = {
			isa = PBXGroup;
			children = (
				FA888D6221ED078E002C45E2 /* Operations */,
				FA352DA421D698E800F9F0F6 /* Extensions */,
				FA81970621D3E27C00C22092 /* AlertData */,
				FAD68B3B21C4510E00D7FC51 /* Resource */,
				FAF58473217C193A004A2C69 /* Enums */,
				FA1D7E4C2135EE5500E49EC6 /* WeatherData */,
				FAB45FC820FFC6BC00333FE9 /* Assets.xcassets */,
				FAC16F4D2062643000683EE6 /* Classes */,
				FA06646E20615710006DE3CF /* Notifications */,
				FA06646D206156C6006DE3CF /* ViewModels */,
				FA06646C206156B4006DE3CF /* Models */,
				FA06646B206155F7006DE3CF /* Protocols */,
				FA0664682061557F006DE3CF /* Constants */,
				FA066465206152C5006DE3CF /* AppDelegate */,
				FA0664642061529B006DE3CF /* Localization */,
				FA06644D2061451C006DE3CF /* Controllers */,
				FA06642320614491006DE3CF /* Main.storyboard */,
				FA06642820614492006DE3CF /* LaunchScreen.storyboard */,
				FA06642B20614492006DE3CF /* Info.plist */,
			);
			path = WxAlert;
			sourceTree = "<group>";
		};
		FA06643320614492006DE3CF /* WxAlertTests */ = {
			isa = PBXGroup;
			children = (
				FA06643420614492006DE3CF /* WxAlertTests.swift */,
				FA06643620614492006DE3CF /* Info.plist */,
			);
			path = WxAlertTests;
			sourceTree = "<group>";
		};
		FA06643E20614492006DE3CF /* WxAlertUITests */ = {
			isa = PBXGroup;
			children = (
				FA06643F20614492006DE3CF /* WxAlertUITests.swift */,
				FA06644120614492006DE3CF /* Info.plist */,
			);
			path = WxAlertUITests;
			sourceTree = "<group>";
		};
		FA06644D2061451C006DE3CF /* Controllers */ = {
			isa = PBXGroup;
			children = (
				FA066450206145E6006DE3CF /* RootController.swift */,
				FA06645220614E32006DE3CF /* SettingsController.swift */,
				FA06645420614FEE006DE3CF /* SearchController.swift */,
				FA06645620615016006DE3CF /* WeatherController.swift */,
				FA066458206150CB006DE3CF /* AppSettingController.swift */,
				FA06645A2061510C006DE3CF /* NotificationController.swift */,
				FA06645C2061514E006DE3CF /* WeatherDetailController.swift */,
				FA06645E206151C7006DE3CF /* NotificationSettings.swift */,
				FA066460206151F9006DE3CF /* CityEditController.swift */,
				FA06646220615226006DE3CF /* CityListController.swift */,
				FA06646F20617337006DE3CF /* MapController.swift */,
				FABBBC43210519E7005C2207 /* WxCollectionController.swift */,
				FABBBC4521051A19005C2207 /* CityCollectionController.swift */,
				FABBBC4721051A5A005C2207 /* AlertCollectionController.swift */,
				FABBBC4921051FEE005C2207 /* WxViewCell.swift */,
				FABBBC4B210520E6005C2207 /* CitySelectCell.swift */,
			);
			name = Controllers;
			sourceTree = "<group>";
		};
		FA0664642061529B006DE3CF /* Localization */ = {
			isa = PBXGroup;
			children = (
			);
			name = Localization;
			sourceTree = "<group>";
		};
		FA066465206152C5006DE3CF /* AppDelegate */ = {
			isa = PBXGroup;
			children = (
				FA06641D20614490006DE3CF /* AppDelegate.swift */,
			);
			name = AppDelegate;
			sourceTree = "<group>";
		};
		FA0664682061557F006DE3CF /* Constants */ = {
			isa = PBXGroup;
			children = (
				FA066469206155DD006DE3CF /* Constants.swift */,
			);
			name = Constants;
			sourceTree = "<group>";
		};
		FA06646B206155F7006DE3CF /* Protocols */ = {
			isa = PBXGroup;
			children = (
				FAC16F4B2062623C00683EE6 /* CityProtocol.swift */,
			);
			name = Protocols;
			sourceTree = "<group>";
		};
		FA06646C206156B4006DE3CF /* Models */ = {
			isa = PBXGroup;
			children = (
				FA06647C20618F14006DE3CF /* MKPinInfo.swift */,
				FA06647E20618FAE006DE3CF /* CityModel.swift */,
				FA10D42F211DD90C006CCB0E /* SelectedCity.swift */,
				FA9DDAA12133112B004B9E2D /* DataItem.swift */,
				FA28D7FE2152977D004D9AAD /* CellModel.swift */,
				FA8E9FBF218793EE005EF8CE /* JSONIcons.swift */,
				FACC35D0218B649A00ECC789 /* IconModel.swift */,
			);
			name = Models;
			sourceTree = "<group>";
		};
		FA06646D206156C6006DE3CF /* ViewModels */ = {
			isa = PBXGroup;
			children = (
				FA11313F211FFF7F00B50085 /* WxCellViewModel.swift */,
			);
			name = ViewModels;
			sourceTree = "<group>";
		};
		FA06646E20615710006DE3CF /* Notifications */ = {
			isa = PBXGroup;
			children = (
				FAC16F512062690E00683EE6 /* Definitions.swift */,
			);
			name = Notifications;
			sourceTree = "<group>";
		};
		FA06647620617AB9006DE3CF /* Frameworks */ = {
			isa = PBXGroup;
			children = (
				FA06648220619563006DE3CF /* MapKit.framework */,
				FA06647720617AB9006DE3CF /* libsqlite3.tbd */,
			);
			name = Frameworks;
			sourceTree = "<group>";
		};
		FA1D7E4C2135EE5500E49EC6 /* WeatherData */ = {
			isa = PBXGroup;
			children = (
				FA9DDAA52135AA8F004B9E2D /* DayForecast.swift */,
				FA1D7E4D2135EF4100E49EC6 /* JSONDecodable.swift */,
				FA1D7E4F2135EFC200E49EC6 /* WeekForecast.swift */,
				FA1D7E512136016300E49EC6 /* ForecastDataMgr.swift */,
				FA503EBC21B7041B0073F479 /* PointsJsonParser.swift */,
			);
			name = WeatherData;
			sourceTree = "<group>";
		};
		FA352DA421D698E800F9F0F6 /* Extensions */ = {
			isa = PBXGroup;
			children = (
				FA352DA521D6991900F9F0F6 /* DbMgr+AlertData.swift */,
			);
			name = Extensions;
			sourceTree = "<group>";
		};
		FA81970621D3E27C00C22092 /* AlertData */ = {
			isa = PBXGroup;
			children = (
				FA81970721D3E2CF00C22092 /* AlertDataMgr.swift */,
				FA81970921D3E70900C22092 /* AlertList.swift */,
				FA81970B21D3E7F300C22092 /* Alert.swift */,
				FA46614A21E1552B001C680E /* AlertIcon.swift */,
			);
			name = AlertData;
			sourceTree = "<group>";
		};
		FA888D6221ED078E002C45E2 /* Operations */ = {
			isa = PBXGroup;
			children = (
				FA888D6321ED07BC002C45E2 /* FetchWxOperation.swift */,
				FA888D6521ED07D9002C45E2 /* ParseWxOperation.swift */,
				FA888D6721ED07FB002C45E2 /* StoreWxOperation.swift */,
				FA888D6921ED0818002C45E2 /* FetchAlertOperation.swift */,
				FA888D6B21ED083A002C45E2 /* ParseAlertOperation.swift */,
				FA888D6D21ED0878002C45E2 /* StoreAlertOperation.swift */,
				FA1CEE9E21F38BF000A382C9 /* FetchZoneIdOperation.swift */,
				FA1CEEA021F38C5100A382C9 /* ParseZoneIdOperation.swift */,
				FABCA50021F50220004F9414 /* BaseOperation.swift */,
				FADCB4F621F8D7810049A030 /* WeatherOpQueue.swift */,
				FAF7C67C21FBAB2700324EAD /* FetchLinkedOperation.swift */,
				FAF7C67E21FBAB5F00324EAD /* ParseLinkedOperation.swift */,
			);
			name = Operations;
			sourceTree = "<group>";
		};
		FAC16F4D2062643000683EE6 /* Classes */ = {
			isa = PBXGroup;
			children = (
				FA4B52212131BE380017ADC9 /* DbMgr.swift */,
				FAC16F4E2062644900683EE6 /* DataManager.swift */,
				FA9DDAA321359C29004B9E2D /* NetworkMgr.swift */,
				FA1E55D2215F54F60092CE2C /* Meteorology.swift */,
				FA57346D217FA773004CB2E0 /* WeatherUtils.swift */,
			);
			name = Classes;
			sourceTree = "<group>";
		};
		FAD68B3B21C4510E00D7FC51 /* Resource */ = {
			isa = PBXGroup;
			children = (
				FAD68B3C21C4514300D7FC51 /* dummy.json */,
			);
			name = Resource;
			sourceTree = "<group>";
		};
		FAF58473217C193A004A2C69 /* Enums */ = {
			isa = PBXGroup;
			children = (
				FAF58474217C199A004A2C69 /* Rank.swift */,
			);
			name = Enums;
			sourceTree = "<group>";
		};
/* End PBXGroup section */

/* Begin PBXNativeTarget section */
		FA06641920614490006DE3CF /* WxAlert */ = {
			isa = PBXNativeTarget;
			buildConfigurationList = FA06644420614492006DE3CF /* Build configuration list for PBXNativeTarget "WxAlert" */;
			buildPhases = (
				FA06641620614490006DE3CF /* Sources */,
				FA06641720614490006DE3CF /* Frameworks */,
				FA06641820614490006DE3CF /* Resources */,
			);
			buildRules = (
			);
			dependencies = (
			);
			name = WxAlert;
			productName = WxAlert;
			productReference = FA06641A20614490006DE3CF /* WxAlert.app */;
			productType = "com.apple.product-type.application";
		};
		FA06642F20614492006DE3CF /* WxAlertTests */ = {
			isa = PBXNativeTarget;
			buildConfigurationList = FA06644720614492006DE3CF /* Build configuration list for PBXNativeTarget "WxAlertTests" */;
			buildPhases = (
				FA06642C20614492006DE3CF /* Sources */,
				FA06642D20614492006DE3CF /* Frameworks */,
				FA06642E20614492006DE3CF /* Resources */,
			);
			buildRules = (
			);
			dependencies = (
				FA06643220614492006DE3CF /* PBXTargetDependency */,
			);
			name = WxAlertTests;
			productName = WxAlertTests;
			productReference = FA06643020614492006DE3CF /* WxAlertTests.xctest */;
			productType = "com.apple.product-type.bundle.unit-test";
		};
		FA06643A20614492006DE3CF /* WxAlertUITests */ = {
			isa = PBXNativeTarget;
			buildConfigurationList = FA06644A20614492006DE3CF /* Build configuration list for PBXNativeTarget "WxAlertUITests" */;
			buildPhases = (
				FA06643720614492006DE3CF /* Sources */,
				FA06643820614492006DE3CF /* Frameworks */,
				FA06643920614492006DE3CF /* Resources */,
			);
			buildRules = (
			);
			dependencies = (
				FA06643D20614492006DE3CF /* PBXTargetDependency */,
			);
			name = WxAlertUITests;
			productName = WxAlertUITests;
			productReference = FA06643B20614492006DE3CF /* WxAlertUITests.xctest */;
			productType = "com.apple.product-type.bundle.ui-testing";
		};
/* End PBXNativeTarget section */

/* Begin PBXProject section */
		FA06641220614490006DE3CF /* Project object */ = {
			isa = PBXProject;
			attributes = {
				LastSwiftUpdateCheck = 0820;
				LastUpgradeCheck = 0940;
				ORGANIZATIONNAME = Jaminya;
				TargetAttributes = {
					FA06641920614490006DE3CF = {
						CreatedOnToolsVersion = 8.2.1;
						DevelopmentTeam = GHNVAZGF88;
						LastSwiftMigration = 0940;
						ProvisioningStyle = Automatic;
					};
					FA06642F20614492006DE3CF = {
						CreatedOnToolsVersion = 8.2.1;
						DevelopmentTeam = GHNVAZGF88;
						LastSwiftMigration = 0940;
						ProvisioningStyle = Automatic;
						TestTargetID = FA06641920614490006DE3CF;
					};
					FA06643A20614492006DE3CF = {
						CreatedOnToolsVersion = 8.2.1;
						DevelopmentTeam = GHNVAZGF88;
						LastSwiftMigration = 0940;
						ProvisioningStyle = Automatic;
						TestTargetID = FA06641920614490006DE3CF;
					};
				};
			};
			buildConfigurationList = FA06641520614490006DE3CF /* Build configuration list for PBXProject "WxAlert" */;
			compatibilityVersion = "Xcode 3.2";
			developmentRegion = English;
			hasScannedForEncodings = 0;
			knownRegions = (
				en,
				Base,
			);
			mainGroup = FA06641120614490006DE3CF;
			productRefGroup = FA06641B20614490006DE3CF /* Products */;
			projectDirPath = "";
			projectRoot = "";
			targets = (
				FA06641920614490006DE3CF /* WxAlert */,
				FA06642F20614492006DE3CF /* WxAlertTests */,
				FA06643A20614492006DE3CF /* WxAlertUITests */,
			);
		};
/* End PBXProject section */

/* Begin PBXResourcesBuildPhase section */
		FA06641820614490006DE3CF /* Resources */ = {
			isa = PBXResourcesBuildPhase;
			buildActionMask = 2147483647;
			files = (
				FA06642A20614492006DE3CF /* LaunchScreen.storyboard in Resources */,
				FAD68B3D21C4514300D7FC51 /* dummy.json in Resources */,
				FA066481206194DB006DE3CF /* cities_usa.sqlite in Resources */,
				FAB45FC920FFC6BC00333FE9 /* Assets.xcassets in Resources */,
				FA06642520614491006DE3CF /* Main.storyboard in Resources */,
			);
			runOnlyForDeploymentPostprocessing = 0;
		};
		FA06642E20614492006DE3CF /* Resources */ = {
			isa = PBXResourcesBuildPhase;
			buildActionMask = 2147483647;
			files = (
			);
			runOnlyForDeploymentPostprocessing = 0;
		};
		FA06643920614492006DE3CF /* Resources */ = {
			isa = PBXResourcesBuildPhase;
			buildActionMask = 2147483647;
			files = (
			);
			runOnlyForDeploymentPostprocessing = 0;
		};
/* End PBXResourcesBuildPhase section */

/* Begin PBXSourcesBuildPhase section */
		FA06641620614490006DE3CF /* Sources */ = {
			isa = PBXSourcesBuildPhase;
			buildActionMask = 2147483647;
			files = (
				FA888D6421ED07BC002C45E2 /* FetchWxOperation.swift in Sources */,
				FA066459206150CB006DE3CF /* AppSettingController.swift in Sources */,
				FA8E9FC0218793EE005EF8CE /* JSONIcons.swift in Sources */,
				FA06647020617337006DE3CF /* MapController.swift in Sources */,
				FA06645F206151C7006DE3CF /* NotificationSettings.swift in Sources */,
				FAF7C67F21FBAB5F00324EAD /* ParseLinkedOperation.swift in Sources */,
				FA06645520614FEE006DE3CF /* SearchController.swift in Sources */,
				FA06645D2061514E006DE3CF /* WeatherDetailController.swift in Sources */,
				FA888D6821ED07FB002C45E2 /* StoreWxOperation.swift in Sources */,
				FA81970C21D3E7F300C22092 /* Alert.swift in Sources */,
				FA06647D20618F14006DE3CF /* MKPinInfo.swift in Sources */,
				FABCA50121F50220004F9414 /* BaseOperation.swift in Sources */,
				FA06645320614E32006DE3CF /* SettingsController.swift in Sources */,
				FA888D6A21ED0818002C45E2 /* FetchAlertOperation.swift in Sources */,
				FA1D7E522136016300E49EC6 /* ForecastDataMgr.swift in Sources */,
				FAF58475217C199A004A2C69 /* Rank.swift in Sources */,
				FA503EBD21B7041B0073F479 /* PointsJsonParser.swift in Sources */,
				FA06646320615226006DE3CF /* CityListController.swift in Sources */,
				FAC16F4C2062623C00683EE6 /* CityProtocol.swift in Sources */,
				FAC16F4F2062644900683EE6 /* DataManager.swift in Sources */,
				FA888D6E21ED0878002C45E2 /* StoreAlertOperation.swift in Sources */,
				FA28D7FF2152977D004D9AAD /* CellModel.swift in Sources */,
				FABBBC4621051A19005C2207 /* CityCollectionController.swift in Sources */,
				FA352DA621D6991900F9F0F6 /* DbMgr+AlertData.swift in Sources */,
				FA57346E217FA773004CB2E0 /* WeatherUtils.swift in Sources */,
				FA46614B21E1552B001C680E /* AlertIcon.swift in Sources */,
				FA9DDAA62135AA8F004B9E2D /* DayForecast.swift in Sources */,
				FABBBC4A21051FEE005C2207 /* WxViewCell.swift in Sources */,
				FA1CEEA121F38C5100A382C9 /* ParseZoneIdOperation.swift in Sources */,
				FAC16F522062690E00683EE6 /* Definitions.swift in Sources */,
				FA9DDAA22133112B004B9E2D /* DataItem.swift in Sources */,
				FA1CEE9F21F38BF000A382C9 /* FetchZoneIdOperation.swift in Sources */,
				FA066461206151F9006DE3CF /* CityEditController.swift in Sources */,
				FA1E55D3215F54F60092CE2C /* Meteorology.swift in Sources */,
				FA06641E20614490006DE3CF /* AppDelegate.swift in Sources */,
				FA10D430211DD90C006CCB0E /* SelectedCity.swift in Sources */,
				FA1D7E502135EFC200E49EC6 /* WeekForecast.swift in Sources */,
				FA4B52222131BE380017ADC9 /* DbMgr.swift in Sources */,
				FABBBC4C210520E6005C2207 /* CitySelectCell.swift in Sources */,
				FA888D6621ED07D9002C45E2 /* ParseWxOperation.swift in Sources */,
				FAF7C67D21FBAB2700324EAD /* FetchLinkedOperation.swift in Sources */,
				FA06645B2061510C006DE3CF /* NotificationController.swift in Sources */,
				FA1D7E4E2135EF4100E49EC6 /* JSONDecodable.swift in Sources */,
				FA06647F20618FAE006DE3CF /* CityModel.swift in Sources */,
				FACC35D1218B649A00ECC789 /* IconModel.swift in Sources */,
				FADCB4F721F8D7810049A030 /* WeatherOpQueue.swift in Sources */,
				FABBBC4821051A5A005C2207 /* AlertCollectionController.swift in Sources */,
				FA06646A206155DD006DE3CF /* Constants.swift in Sources */,
				FA06645720615016006DE3CF /* WeatherController.swift in Sources */,
				FA888D6C21ED083A002C45E2 /* ParseAlertOperation.swift in Sources */,
				FA113140211FFF7F00B50085 /* WxCellViewModel.swift in Sources */,
				FA066451206145E6006DE3CF /* RootController.swift in Sources */,
				FA81970A21D3E70900C22092 /* AlertList.swift in Sources */,
				FA81970821D3E2CF00C22092 /* AlertDataMgr.swift in Sources */,
				FABBBC44210519E7005C2207 /* WxCollectionController.swift in Sources */,
				FA9DDAA421359C29004B9E2D /* NetworkMgr.swift in Sources */,
			);
			runOnlyForDeploymentPostprocessing = 0;
		};
		FA06642C20614492006DE3CF /* Sources */ = {
			isa = PBXSourcesBuildPhase;
			buildActionMask = 2147483647;
			files = (
				FA06643520614492006DE3CF /* WxAlertTests.swift in Sources */,
			);
			runOnlyForDeploymentPostprocessing = 0;
		};
		FA06643720614492006DE3CF /* Sources */ = {
			isa = PBXSourcesBuildPhase;
			buildActionMask = 2147483647;
			files = (
				FA06644020614492006DE3CF /* WxAlertUITests.swift in Sources */,
			);
			runOnlyForDeploymentPostprocessing = 0;
		};
/* End PBXSourcesBuildPhase section */

/* Begin PBXTargetDependency section */
		FA06643220614492006DE3CF /* PBXTargetDependency */ = {
			isa = PBXTargetDependency;
			target = FA06641920614490006DE3CF /* WxAlert */;
			targetProxy = FA06643120614492006DE3CF /* PBXContainerItemProxy */;
		};
		FA06643D20614492006DE3CF /* PBXTargetDependency */ = {
			isa = PBXTargetDependency;
			target = FA06641920614490006DE3CF /* WxAlert */;
			targetProxy = FA06643C20614492006DE3CF /* PBXContainerItemProxy */;
		};
/* End PBXTargetDependency section */

/* Begin PBXVariantGroup section */
		FA06642320614491006DE3CF /* Main.storyboard */ = {
			isa = PBXVariantGroup;
			children = (
				FA06642420614491006DE3CF /* Base */,
			);
			name = Main.storyboard;
			sourceTree = "<group>";
		};
		FA06642820614492006DE3CF /* LaunchScreen.storyboard */ = {
			isa = PBXVariantGroup;
			children = (
				FA06642920614492006DE3CF /* Base */,
			);
			name = LaunchScreen.storyboard;
			sourceTree = "<group>";
		};
/* End PBXVariantGroup section */

/* Begin XCBuildConfiguration section */
		FA06644220614492006DE3CF /* Debug */ = {
			isa = XCBuildConfiguration;
			buildSettings = {
				ALWAYS_SEARCH_USER_PATHS = NO;
				CLANG_ANALYZER_NONNULL = YES;
				CLANG_CXX_LANGUAGE_STANDARD = "gnu++0x";
				CLANG_CXX_LIBRARY = "libc++";
				CLANG_ENABLE_MODULES = YES;
				CLANG_ENABLE_OBJC_ARC = YES;
				CLANG_WARN_BLOCK_CAPTURE_AUTORELEASING = YES;
				CLANG_WARN_BOOL_CONVERSION = YES;
				CLANG_WARN_COMMA = YES;
				CLANG_WARN_CONSTANT_CONVERSION = YES;
				CLANG_WARN_DEPRECATED_OBJC_IMPLEMENTATIONS = YES;
				CLANG_WARN_DIRECT_OBJC_ISA_USAGE = YES_ERROR;
				CLANG_WARN_DOCUMENTATION_COMMENTS = YES;
				CLANG_WARN_EMPTY_BODY = YES;
				CLANG_WARN_ENUM_CONVERSION = YES;
				CLANG_WARN_INFINITE_RECURSION = YES;
				CLANG_WARN_INT_CONVERSION = YES;
				CLANG_WARN_NON_LITERAL_NULL_CONVERSION = YES;
				CLANG_WARN_OBJC_IMPLICIT_RETAIN_SELF = YES;
				CLANG_WARN_OBJC_LITERAL_CONVERSION = YES;
				CLANG_WARN_OBJC_ROOT_CLASS = YES_ERROR;
				CLANG_WARN_RANGE_LOOP_ANALYSIS = YES;
				CLANG_WARN_STRICT_PROTOTYPES = YES;
				CLANG_WARN_SUSPICIOUS_MOVE = YES;
				CLANG_WARN_UNREACHABLE_CODE = YES;
				CLANG_WARN__DUPLICATE_METHOD_MATCH = YES;
				"CODE_SIGN_IDENTITY[sdk=iphoneos*]" = "iPhone Developer";
				COPY_PHASE_STRIP = NO;
				DEBUG_INFORMATION_FORMAT = dwarf;
				ENABLE_STRICT_OBJC_MSGSEND = YES;
				ENABLE_TESTABILITY = YES;
				GCC_C_LANGUAGE_STANDARD = gnu99;
				GCC_DYNAMIC_NO_PIC = NO;
				GCC_NO_COMMON_BLOCKS = YES;
				GCC_OPTIMIZATION_LEVEL = 0;
				GCC_PREPROCESSOR_DEFINITIONS = (
					"DEBUG=1",
					"$(inherited)",
				);
				GCC_WARN_64_TO_32_BIT_CONVERSION = YES;
				GCC_WARN_ABOUT_RETURN_TYPE = YES_ERROR;
				GCC_WARN_UNDECLARED_SELECTOR = YES;
				GCC_WARN_UNINITIALIZED_AUTOS = YES_AGGRESSIVE;
				GCC_WARN_UNUSED_FUNCTION = YES;
				GCC_WARN_UNUSED_VARIABLE = YES;
				IPHONEOS_DEPLOYMENT_TARGET = 11.4;
				MTL_ENABLE_DEBUG_INFO = YES;
				ONLY_ACTIVE_ARCH = YES;
				SDKROOT = iphoneos;
				SWIFT_ACTIVE_COMPILATION_CONDITIONS = DEBUG;
				SWIFT_OPTIMIZATION_LEVEL = "-Onone";
			};
			name = Debug;
		};
		FA06644320614492006DE3CF /* Release */ = {
			isa = XCBuildConfiguration;
			buildSettings = {
				ALWAYS_SEARCH_USER_PATHS = NO;
				CLANG_ANALYZER_NONNULL = YES;
				CLANG_CXX_LANGUAGE_STANDARD = "gnu++0x";
				CLANG_CXX_LIBRARY = "libc++";
				CLANG_ENABLE_MODULES = YES;
				CLANG_ENABLE_OBJC_ARC = YES;
				CLANG_WARN_BLOCK_CAPTURE_AUTORELEASING = YES;
				CLANG_WARN_BOOL_CONVERSION = YES;
				CLANG_WARN_COMMA = YES;
				CLANG_WARN_CONSTANT_CONVERSION = YES;
				CLANG_WARN_DEPRECATED_OBJC_IMPLEMENTATIONS = YES;
				CLANG_WARN_DIRECT_OBJC_ISA_USAGE = YES_ERROR;
				CLANG_WARN_DOCUMENTATION_COMMENTS = YES;
				CLANG_WARN_EMPTY_BODY = YES;
				CLANG_WARN_ENUM_CONVERSION = YES;
				CLANG_WARN_INFINITE_RECURSION = YES;
				CLANG_WARN_INT_CONVERSION = YES;
				CLANG_WARN_NON_LITERAL_NULL_CONVERSION = YES;
				CLANG_WARN_OBJC_IMPLICIT_RETAIN_SELF = YES;
				CLANG_WARN_OBJC_LITERAL_CONVERSION = YES;
				CLANG_WARN_OBJC_ROOT_CLASS = YES_ERROR;
				CLANG_WARN_RANGE_LOOP_ANALYSIS = YES;
				CLANG_WARN_STRICT_PROTOTYPES = YES;
				CLANG_WARN_SUSPICIOUS_MOVE = YES;
				CLANG_WARN_UNREACHABLE_CODE = YES;
				CLANG_WARN__DUPLICATE_METHOD_MATCH = YES;
				"CODE_SIGN_IDENTITY[sdk=iphoneos*]" = "iPhone Developer";
				COPY_PHASE_STRIP = NO;
				DEBUG_INFORMATION_FORMAT = "dwarf-with-dsym";
				ENABLE_NS_ASSERTIONS = NO;
				ENABLE_STRICT_OBJC_MSGSEND = YES;
				GCC_C_LANGUAGE_STANDARD = gnu99;
				GCC_NO_COMMON_BLOCKS = YES;
				GCC_WARN_64_TO_32_BIT_CONVERSION = YES;
				GCC_WARN_ABOUT_RETURN_TYPE = YES_ERROR;
				GCC_WARN_UNDECLARED_SELECTOR = YES;
				GCC_WARN_UNINITIALIZED_AUTOS = YES_AGGRESSIVE;
				GCC_WARN_UNUSED_FUNCTION = YES;
				GCC_WARN_UNUSED_VARIABLE = YES;
				IPHONEOS_DEPLOYMENT_TARGET = 11.4;
				MTL_ENABLE_DEBUG_INFO = NO;
				SDKROOT = iphoneos;
				SWIFT_OPTIMIZATION_LEVEL = "-Owholemodule";
				VALIDATE_PRODUCT = YES;
			};
			name = Release;
		};
		FA06644520614492006DE3CF /* Debug */ = {
			isa = XCBuildConfiguration;
			buildSettings = {
				ASSETCATALOG_COMPILER_APPICON_NAME = AppIcon;
				DEVELOPMENT_TEAM = GHNVAZGF88;
				INFOPLIST_FILE = WxAlert/Info.plist;
				IPHONEOS_DEPLOYMENT_TARGET = 11.4;
				LD_RUNPATH_SEARCH_PATHS = "$(inherited) @executable_path/Frameworks";
				PRODUCT_BUNDLE_IDENTIFIER = com.jaminya.WxAlert;
				PRODUCT_NAME = "$(TARGET_NAME)";
				SWIFT_OBJC_BRIDGING_HEADER = "Bridging-Header.h";
				SWIFT_SWIFT3_OBJC_INFERENCE = Default;
				SWIFT_VERSION = 4.0;
			};
			name = Debug;
		};
		FA06644620614492006DE3CF /* Release */ = {
			isa = XCBuildConfiguration;
			buildSettings = {
				ASSETCATALOG_COMPILER_APPICON_NAME = AppIcon;
				DEVELOPMENT_TEAM = GHNVAZGF88;
				INFOPLIST_FILE = WxAlert/Info.plist;
				IPHONEOS_DEPLOYMENT_TARGET = 11.4;
				LD_RUNPATH_SEARCH_PATHS = "$(inherited) @executable_path/Frameworks";
				PRODUCT_BUNDLE_IDENTIFIER = com.jaminya.WxAlert;
				PRODUCT_NAME = "$(TARGET_NAME)";
				SWIFT_OBJC_BRIDGING_HEADER = "Bridging-Header.h";
				SWIFT_SWIFT3_OBJC_INFERENCE = Default;
				SWIFT_VERSION = 4.0;
			};
			name = Release;
		};
		FA06644820614492006DE3CF /* Debug */ = {
			isa = XCBuildConfiguration;
			buildSettings = {
				ALWAYS_EMBED_SWIFT_STANDARD_LIBRARIES = YES;
				BUNDLE_LOADER = "$(TEST_HOST)";
				DEVELOPMENT_TEAM = GHNVAZGF88;
				INFOPLIST_FILE = WxAlertTests/Info.plist;
				LD_RUNPATH_SEARCH_PATHS = "$(inherited) @executable_path/Frameworks @loader_path/Frameworks";
				PRODUCT_BUNDLE_IDENTIFIER = com.jaminya.WxAlertTests;
				PRODUCT_NAME = "$(TARGET_NAME)";
				SWIFT_SWIFT3_OBJC_INFERENCE = Default;
				SWIFT_VERSION = 4.0;
				TEST_HOST = "$(BUILT_PRODUCTS_DIR)/WxAlert.app/WxAlert";
			};
			name = Debug;
		};
		FA06644920614492006DE3CF /* Release */ = {
			isa = XCBuildConfiguration;
			buildSettings = {
				ALWAYS_EMBED_SWIFT_STANDARD_LIBRARIES = YES;
				BUNDLE_LOADER = "$(TEST_HOST)";
				DEVELOPMENT_TEAM = GHNVAZGF88;
				INFOPLIST_FILE = WxAlertTests/Info.plist;
				LD_RUNPATH_SEARCH_PATHS = "$(inherited) @executable_path/Frameworks @loader_path/Frameworks";
				PRODUCT_BUNDLE_IDENTIFIER = com.jaminya.WxAlertTests;
				PRODUCT_NAME = "$(TARGET_NAME)";
				SWIFT_SWIFT3_OBJC_INFERENCE = Default;
				SWIFT_VERSION = 4.0;
				TEST_HOST = "$(BUILT_PRODUCTS_DIR)/WxAlert.app/WxAlert";
			};
			name = Release;
		};
		FA06644B20614492006DE3CF /* Debug */ = {
			isa = XCBuildConfiguration;
			buildSettings = {
				ALWAYS_EMBED_SWIFT_STANDARD_LIBRARIES = YES;
				DEVELOPMENT_TEAM = GHNVAZGF88;
				INFOPLIST_FILE = WxAlertUITests/Info.plist;
				LD_RUNPATH_SEARCH_PATHS = "$(inherited) @executable_path/Frameworks @loader_path/Frameworks";
				PRODUCT_BUNDLE_IDENTIFIER = com.jaminya.WxAlertUITests;
				PRODUCT_NAME = "$(TARGET_NAME)";
				SWIFT_SWIFT3_OBJC_INFERENCE = Default;
				SWIFT_VERSION = 4.0;
				TEST_TARGET_NAME = WxAlert;
			};
			name = Debug;
		};
		FA06644C20614492006DE3CF /* Release */ = {
			isa = XCBuildConfiguration;
			buildSettings = {
				ALWAYS_EMBED_SWIFT_STANDARD_LIBRARIES = YES;
				DEVELOPMENT_TEAM = GHNVAZGF88;
				INFOPLIST_FILE = WxAlertUITests/Info.plist;
				LD_RUNPATH_SEARCH_PATHS = "$(inherited) @executable_path/Frameworks @loader_path/Frameworks";
				PRODUCT_BUNDLE_IDENTIFIER = com.jaminya.WxAlertUITests;
				PRODUCT_NAME = "$(TARGET_NAME)";
				SWIFT_SWIFT3_OBJC_INFERENCE = Default;
				SWIFT_VERSION = 4.0;
				TEST_TARGET_NAME = WxAlert;
			};
			name = Release;
		};
/* End XCBuildConfiguration section */

/* Begin XCConfigurationList section */
		FA06641520614490006DE3CF /* Build configuration list for PBXProject "WxAlert" */ = {
			isa = XCConfigurationList;
			buildConfigurations = (
				FA06644220614492006DE3CF /* Debug */,
				FA06644320614492006DE3CF /* Release */,
			);
			defaultConfigurationIsVisible = 0;
			defaultConfigurationName = Release;
		};
		FA06644420614492006DE3CF /* Build configuration list for PBXNativeTarget "WxAlert" */ = {
			isa = XCConfigurationList;
			buildConfigurations = (
				FA06644520614492006DE3CF /* Debug */,
				FA06644620614492006DE3CF /* Release */,
			);
			defaultConfigurationIsVisible = 0;
			defaultConfigurationName = Release;
		};
		FA06644720614492006DE3CF /* Build configuration list for PBXNativeTarget "WxAlertTests" */ = {
			isa = XCConfigurationList;
			buildConfigurations = (
				FA06644820614492006DE3CF /* Debug */,
				FA06644920614492006DE3CF /* Release */,
			);
			defaultConfigurationIsVisible = 0;
			defaultConfigurationName = Release;
		};
		FA06644A20614492006DE3CF /* Build configuration list for PBXNativeTarget "WxAlertUITests" */ = {
			isa = XCConfigurationList;
			buildConfigurations = (
				FA06644B20614492006DE3CF /* Debug */,
				FA06644C20614492006DE3CF /* Release */,
			);
			defaultConfigurationIsVisible = 0;
			defaultConfigurationName = Release;
		};
/* End XCConfigurationList section */
	};
	rootObject = FA06641220614490006DE3CF /* Project object */;
}
